
Microsoft Visual Studio Solution File, Format Version 12.00
# Visual Studio Version 17
VisualStudioVersion = 17.4.33205.214
MinimumVisualStudioVersion = 10.0.40219.1
Project("{FAE04EC0-301F-11D3-BF4B-00C04F79EFBC}") = "TreeViewAdvDemo", "TreeViewAdvDemo.csproj", "{ED5D2890-FE4F-4ADB-A7C5-C0131A510EAF}"
EndProject
Global
	GlobalSection(SolutionConfigurationPlatforms) = preSolution
		Debug|Any CPU = Debug|Any CPU
		Release|Any CPU = Release|Any CPU
	EndGlobalSection
	GlobalSection(ProjectConfigurationPlatforms) = postSolution
		{ED5D2890-FE4F-4ADB-A7C5-C0131A510EAF}.Debug|Any CPU.ActiveCfg = Debug|Any CPU
		{ED5D2890-FE4F-4ADB-A7C5-C0131A510EAF}.Debug|Any CPU.Build.0 = Debug|Any CPU
		{ED5D2890-FE4F-4ADB-A7C5-C0131A510EAF}.Release|Any CPU.ActiveCfg = Release|Any CPU
		{ED5D2890-FE4F-4ADB-A7C5-C0131A510EAF}.Release|Any CPU.Build.0 = Release|Any CPU
	EndGlobalSection
	GlobalSection(SolutionProperties) = preSolution
		HideSolutionNode = FALSE
	EndGlobalSection
	GlobalSection(ExtensibilityGlobals) = postSolution
		SolutionGuid = {BD615712-554B-419F-B065-46CAAD238996}
	EndGlobalSection
EndGlobal
